
Microsoft Visual Studio Solution File, Format Version 12.00
# Visual Studio 14
VisualStudioVersion = 14.0.25420.1
MinimumVisualStudioVersion = 10.0.40219.1
Project("{FAE04EC0-301F-11D3-BF4B-00C04F79EFBC}") = "NCC", "NCC\NCC.csproj", "{2415A782-6A96-4BC2-822E-C0C7CB30AF27}"
EndProject
Project("{FAE04EC0-301F-11D3-BF4B-00C04F79EFBC}") = "CustomSocket", "..\..\..\..\Documents\Visual Studio 2015\Projects\CustomSocket\CustomSocket\CustomSocket.csproj", "{A0C09126-9DD3-4857-8C90-EC2B090BEB11}"
EndProject
Global
	GlobalSection(SolutionConfigurationPlatforms) = preSolution
		Debug|Any CPU = Debug|Any CPU
		Release|Any CPU = Release|Any CPU
	EndGlobalSection
	GlobalSection(ProjectConfigurationPlatforms) = postSolution
		{2415A782-6A96-4BC2-822E-C0C7CB30AF27}.Debug|Any CPU.ActiveCfg = Debug|Any CPU
		{2415A782-6A96-4BC2-822E-C0C7CB30AF27}.Debug|Any CPU.Build.0 = Debug|Any CPU
		{2415A782-6A96-4BC2-822E-C0C7CB30AF27}.Release|Any CPU.ActiveCfg = Release|Any CPU
		{2415A782-6A96-4BC2-822E-C0C7CB30AF27}.Release|Any CPU.Build.0 = Release|Any CPU
		{A0C09126-9DD3-4857-8C90-EC2B090BEB11}.Debug|Any CPU.ActiveCfg = Debug|Any CPU
		{A0C09126-9DD3-4857-8C90-EC2B090BEB11}.Debug|Any CPU.Build.0 = Debug|Any CPU
		{A0C09126-9DD3-4857-8C90-EC2B090BEB11}.Release|Any CPU.ActiveCfg = Release|Any CPU
		{A0C09126-9DD3-4857-8C90-EC2B090BEB11}.Release|Any CPU.Build.0 = Release|Any CPU
	EndGlobalSection
	GlobalSection(SolutionProperties) = preSolution
		HideSolutionNode = FALSE
	EndGlobalSection
	GlobalSection(ExtensibilityGlobals) = postSolution
		SolutionGuid = {2C3510ED-E2B4-45D5-8305-7D7880BB2103}
	EndGlobalSection
EndGlobal
